
Microsoft Visual Studio Solution File, Format Version 12.00
# Visual Studio Version 16
VisualStudioVersion = 16.0.31515.178
MinimumVisualStudioVersion = 10.0.40219.1
Project("{FAE04EC0-301F-11D3-BF4B-00C04F79EFBC}") = "DumpExam", "DumpExam.csproj", "{D004F56F-8FD4-4E75-8574-BEF299A32DEB}"
EndProject
Global
	GlobalSection(SolutionConfigurationPlatforms) = preSolution
		Debug|Any CPU = Debug|Any CPU
		Release|Any CPU = Release|Any CPU
	EndGlobalSection
	GlobalSection(ProjectConfigurationPlatforms) = postSolution
		{D004F56F-8FD4-4E75-8574-BEF299A32DEB}.Debug|Any CPU.ActiveCfg = Debug|Any CPU
		{D004F56F-8FD4-4E75-8574-BEF299A32DEB}.Debug|Any CPU.Build.0 = Debug|Any CPU
		{D004F56F-8FD4-4E75-8574-BEF299A32DEB}.Release|Any CPU.ActiveCfg = Release|Any CPU
		{D004F56F-8FD4-4E75-8574-BEF299A32DEB}.Release|Any CPU.Build.0 = Release|Any CPU
	EndGlobalSection
	GlobalSection(SolutionProperties) = preSolution
		HideSolutionNode = FALSE
	EndGlobalSection
	GlobalSection(ExtensibilityGlobals) = postSolution
		SolutionGuid = {B97A974C-5214-4457-8468-4CC0D23FA8CE}
	EndGlobalSection
EndGlobal
